
Microsoft Visual Studio Solution File, Format Version 12.00
# Visual Studio 15
VisualStudioVersion = 15.0.26124.0
MinimumVisualStudioVersion = 15.0.26124.0
Project("{2150E333-8FDC-42A3-9474-1A3956D46DE8}") = "src", "src", "{62F7A3F0-3DEC-4DF6-B7B3-23387F9281A6}"
EndProject
Project("{FAE04EC0-301F-11D3-BF4B-00C04F79EFBC}") = "GradeBook", "src\GradeBook\GradeBook.csproj", "{8467E7C0-89A6-40DB-A549-2344235E8C74}"
EndProject
Project("{2150E333-8FDC-42A3-9474-1A3956D46DE8}") = "test", "test", "{7B152E87-A4D6-4104-AA1B-B7A62018123E}"
EndProject
Project("{FAE04EC0-301F-11D3-BF4B-00C04F79EFBC}") = "GradeBook.Tests", "test\GradeBook.Tests\GradeBook.Tests.csproj", "{D08A9E5E-6E96-43E4-B48F-32ADC371B480}"
EndProject
Global
	GlobalSection(SolutionConfigurationPlatforms) = preSolution
		Debug|Any CPU = Debug|Any CPU
		Debug|x64 = Debug|x64
		Debug|x86 = Debug|x86
		Release|Any CPU = Release|Any CPU
		Release|x64 = Release|x64
		Release|x86 = Release|x86
	EndGlobalSection
	GlobalSection(SolutionProperties) = preSolution
		HideSolutionNode = FALSE
	EndGlobalSection
	GlobalSection(ProjectConfigurationPlatforms) = postSolution
		{8467E7C0-89A6-40DB-A549-2344235E8C74}.Debug|Any CPU.ActiveCfg = Debug|Any CPU
		{8467E7C0-89A6-40DB-A549-2344235E8C74}.Debug|Any CPU.Build.0 = Debug|Any CPU
		{8467E7C0-89A6-40DB-A549-2344235E8C74}.Debug|x64.ActiveCfg = Debug|Any CPU
		{8467E7C0-89A6-40DB-A549-2344235E8C74}.Debug|x64.Build.0 = Debug|Any CPU
		{8467E7C0-89A6-40DB-A549-2344235E8C74}.Debug|x86.ActiveCfg = Debug|Any CPU
		{8467E7C0-89A6-40DB-A549-2344235E8C74}.Debug|x86.Build.0 = Debug|Any CPU
		{8467E7C0-89A6-40DB-A549-2344235E8C74}.Release|Any CPU.ActiveCfg = Release|Any CPU
		{8467E7C0-89A6-40DB-A549-2344235E8C74}.Release|Any CPU.Build.0 = Release|Any CPU
		{8467E7C0-89A6-40DB-A549-2344235E8C74}.Release|x64.ActiveCfg = Release|Any CPU
		{8467E7C0-89A6-40DB-A549-2344235E8C74}.Release|x64.Build.0 = Release|Any CPU
		{8467E7C0-89A6-40DB-A549-2344235E8C74}.Release|x86.ActiveCfg = Release|Any CPU
		{8467E7C0-89A6-40DB-A549-2344235E8C74}.Release|x86.Build.0 = Release|Any CPU
		{D08A9E5E-6E96-43E4-B48F-32ADC371B480}.Debug|Any CPU.ActiveCfg = Debug|Any CPU
		{D08A9E5E-6E96-43E4-B48F-32ADC371B480}.Debug|Any CPU.Build.0 = Debug|Any CPU
		{D08A9E5E-6E96-43E4-B48F-32ADC371B480}.Debug|x64.ActiveCfg = Debug|Any CPU
		{D08A9E5E-6E96-43E4-B48F-32ADC371B480}.Debug|x64.Build.0 = Debug|Any CPU
		{D08A9E5E-6E96-43E4-B48F-32ADC371B480}.Debug|x86.ActiveCfg = Debug|Any CPU
		{D08A9E5E-6E96-43E4-B48F-32ADC371B480}.Debug|x86.Build.0 = Debug|Any CPU
		{D08A9E5E-6E96-43E4-B48F-32ADC371B480}.Release|Any CPU.ActiveCfg = Release|Any CPU
		{D08A9E5E-6E96-43E4-B48F-32ADC371B480}.Release|Any CPU.Build.0 = Release|Any CPU
		{D08A9E5E-6E96-43E4-B48F-32ADC371B480}.Release|x64.ActiveCfg = Release|Any CPU
		{D08A9E5E-6E96-43E4-B48F-32ADC371B480}.Release|x64.Build.0 = Release|Any CPU
		{D08A9E5E-6E96-43E4-B48F-32ADC371B480}.Release|x86.ActiveCfg = Release|Any CPU
		{D08A9E5E-6E96-43E4-B48F-32ADC371B480}.Release|x86.Build.0 = Release|Any CPU
	EndGlobalSection
	GlobalSection(NestedProjects) = preSolution
		{8467E7C0-89A6-40DB-A549-2344235E8C74} = {62F7A3F0-3DEC-4DF6-B7B3-23387F9281A6}
		{D08A9E5E-6E96-43E4-B48F-32ADC371B480} = {7B152E87-A4D6-4104-AA1B-B7A62018123E}
	EndGlobalSection
EndGlobal
